
Microsoft Visual Studio Solution File, Format Version 12.00
# Visual Studio Version 16
VisualStudioVersion = 16.0.29521.150
MinimumVisualStudioVersion = 10.0.40219.1
Project("{FAE04EC0-301F-11D3-BF4B-00C04F79EFBC}") = "MeasurementCoverter", "MeasurementCoverter\MeasurementCoverter.csproj", "{547E061B-4BAF-4116-987A-41249DFC0C4D}"
EndProject
Global
	GlobalSection(SolutionConfigurationPlatforms) = preSolution
		Debug|Any CPU = Debug|Any CPU
		Release|Any CPU = Release|Any CPU
	EndGlobalSection
	GlobalSection(ProjectConfigurationPlatforms) = postSolution
		{547E061B-4BAF-4116-987A-41249DFC0C4D}.Debug|Any CPU.ActiveCfg = Debug|Any CPU
		{547E061B-4BAF-4116-987A-41249DFC0C4D}.Debug|Any CPU.Build.0 = Debug|Any CPU
		{547E061B-4BAF-4116-987A-41249DFC0C4D}.Release|Any CPU.ActiveCfg = Release|Any CPU
		{547E061B-4BAF-4116-987A-41249DFC0C4D}.Release|Any CPU.Build.0 = Release|Any CPU
	EndGlobalSection
	GlobalSection(SolutionProperties) = preSolution
		HideSolutionNode = FALSE
	EndGlobalSection
	GlobalSection(ExtensibilityGlobals) = postSolution
		SolutionGuid = {BDDAD93D-D418-40D1-ACD5-36158DF65674}
	EndGlobalSection
EndGlobal
