
Microsoft Visual Studio Solution File, Format Version 12.00
# Visual Studio Version 16
VisualStudioVersion = 16.0.29209.62
MinimumVisualStudioVersion = 10.0.40219.1
Project("{FAE04EC0-301F-11D3-BF4B-00C04F79EFBC}") = "FileIO", "FileIO\FileIO.csproj", "{425C2C6B-CD74-4A9D-9563-B37053FF38E3}"
EndProject
Project("{FAE04EC0-301F-11D3-BF4B-00C04F79EFBC}") = "TwoColumnFile", "TwoColumnFile\TwoColumnFile.csproj", "{E824CD17-D118-4D26-9BAC-DD154B66017B}"
EndProject
Global
	GlobalSection(SolutionConfigurationPlatforms) = preSolution
		Debug|Any CPU = Debug|Any CPU
		Release|Any CPU = Release|Any CPU
	EndGlobalSection
	GlobalSection(ProjectConfigurationPlatforms) = postSolution
		{425C2C6B-CD74-4A9D-9563-B37053FF38E3}.Debug|Any CPU.ActiveCfg = Debug|Any CPU
		{425C2C6B-CD74-4A9D-9563-B37053FF38E3}.Debug|Any CPU.Build.0 = Debug|Any CPU
		{425C2C6B-CD74-4A9D-9563-B37053FF38E3}.Release|Any CPU.ActiveCfg = Release|Any CPU
		{425C2C6B-CD74-4A9D-9563-B37053FF38E3}.Release|Any CPU.Build.0 = Release|Any CPU
		{E824CD17-D118-4D26-9BAC-DD154B66017B}.Debug|Any CPU.ActiveCfg = Debug|Any CPU
		{E824CD17-D118-4D26-9BAC-DD154B66017B}.Debug|Any CPU.Build.0 = Debug|Any CPU
		{E824CD17-D118-4D26-9BAC-DD154B66017B}.Release|Any CPU.ActiveCfg = Release|Any CPU
		{E824CD17-D118-4D26-9BAC-DD154B66017B}.Release|Any CPU.Build.0 = Release|Any CPU
	EndGlobalSection
	GlobalSection(SolutionProperties) = preSolution
		HideSolutionNode = FALSE
	EndGlobalSection
	GlobalSection(ExtensibilityGlobals) = postSolution
		SolutionGuid = {AFF8142C-00AC-458D-86D4-2F91D1BFB4E8}
	EndGlobalSection
EndGlobal
